{
  "name": "TarkovTracker3",
  "lockfileVersion": 2,
  "requires": true,
  "packages": {
    "": {
      "dependencies": {
        "pinia-firestore": "^0.2.1"
      }
    },
    "node_modules/pinia-firestore": {
      "version": "0.2.1",
      "resolved": "https://registry.npmjs.org/pinia-firestore/-/pinia-firestore-0.2.1.tgz",
      "integrity": "sha512-O62nabrtPwVR7564iubaN85G/xGssRoHs7K53kjDjwybK56uDE1et7jDpTYu2F50qskFqZeJ+8bml05q3XO24g=="
    }
  },
  "dependencies": {
    "pinia-firestore": {
      "version": "0.2.1",
      "resolved": "https://registry.npmjs.org/pinia-firestore/-/pinia-firestore-0.2.1.tgz",
      "integrity": "sha512-O62nabrtPwVR7564iubaN85G/xGssRoHs7K53kjDjwybK56uDE1et7jDpTYu2F50qskFqZeJ+8bml05q3XO24g=="
    }
  }
}
